
Microsoft Visual Studio Solution File, Format Version 12.00
# Visual Studio Version 16
VisualStudioVersion = 16.0.30503.244
MinimumVisualStudioVersion = 10.0.40219.1
Project("{9A19103F-16F7-4668-BE54-9A1E7A4F7556}") = "Turnamentor.Core", "Turnamentor.Core\Turnamentor.Core.csproj", "{94A4F484-AA5A-4090-AEF4-63B9A96ECE51}"
EndProject
Project("{9A19103F-16F7-4668-BE54-9A1E7A4F7556}") = "Turnamentor.Interfaces", "Turnamentor.Interfaces\Turnamentor.Interfaces.csproj", "{2E36F31C-5250-4684-B954-D45B2BC97EA4}"
EndProject
Project("{9A19103F-16F7-4668-BE54-9A1E7A4F7556}") = "Turnamentor.Core.Tests", "Turnamentor.Core.Tests\Turnamentor.Core.Tests.csproj", "{AD9D249C-FDF3-426D-8330-F04FFDFADC84}"
EndProject
Project("{2150E333-8FDC-42A3-9474-1A3956D46DE8}") = "Samples", "Samples", "{EFD697D6-54E5-4F70-B5F7-8C35BBAC81E2}"
EndProject
Project("{2150E333-8FDC-42A3-9474-1A3956D46DE8}") = "RockPaperScissors", "RockPaperScissors", "{C6EA8021-754B-4224-AD90-C87385B39A9E}"
EndProject
Project("{9A19103F-16F7-4668-BE54-9A1E7A4F7556}") = "RockPaperScissors.Engine", "RockPaperScissors.Engine\RockPaperScissors.Engine.csproj", "{3C37AFC8-95AD-4B2B-91D2-9AA82E19FA3F}"
EndProject
Project("{9A19103F-16F7-4668-BE54-9A1E7A4F7556}") = "RockPaperScissors.Contestants", "RockPaperScissors.Contestants\RockPaperScissors.Contestants.csproj", "{76E8CC99-A749-4481-9D23-4EE0D0730332}"
EndProject
Project("{9A19103F-16F7-4668-BE54-9A1E7A4F7556}") = "RockPaperScissors.ConsoleTurnament", "RockPaperScissors.ConsoleTurnament\RockPaperScissors.ConsoleTurnament.csproj", "{A2BEE346-6B1E-4C45-B8C6-2A2DC6B563AE}"
EndProject
Project("{FAE04EC0-301F-11D3-BF4B-00C04F79EFBC}") = "Turnamentor.CLI", "Turnamentor.CLI\Turnamentor.CLI.csproj", "{6163A162-CD3F-47D8-9B41-51D6C1F0BB51}"
EndProject
Global
	GlobalSection(SolutionConfigurationPlatforms) = preSolution
		Debug|Any CPU = Debug|Any CPU
		Release|Any CPU = Release|Any CPU
	EndGlobalSection
	GlobalSection(ProjectConfigurationPlatforms) = postSolution
		{94A4F484-AA5A-4090-AEF4-63B9A96ECE51}.Debug|Any CPU.ActiveCfg = Debug|Any CPU
		{94A4F484-AA5A-4090-AEF4-63B9A96ECE51}.Debug|Any CPU.Build.0 = Debug|Any CPU
		{94A4F484-AA5A-4090-AEF4-63B9A96ECE51}.Release|Any CPU.ActiveCfg = Release|Any CPU
		{94A4F484-AA5A-4090-AEF4-63B9A96ECE51}.Release|Any CPU.Build.0 = Release|Any CPU
		{2E36F31C-5250-4684-B954-D45B2BC97EA4}.Debug|Any CPU.ActiveCfg = Debug|Any CPU
		{2E36F31C-5250-4684-B954-D45B2BC97EA4}.Debug|Any CPU.Build.0 = Debug|Any CPU
		{2E36F31C-5250-4684-B954-D45B2BC97EA4}.Release|Any CPU.ActiveCfg = Release|Any CPU
		{2E36F31C-5250-4684-B954-D45B2BC97EA4}.Release|Any CPU.Build.0 = Release|Any CPU
		{AD9D249C-FDF3-426D-8330-F04FFDFADC84}.Debug|Any CPU.ActiveCfg = Debug|Any CPU
		{AD9D249C-FDF3-426D-8330-F04FFDFADC84}.Debug|Any CPU.Build.0 = Debug|Any CPU
		{AD9D249C-FDF3-426D-8330-F04FFDFADC84}.Release|Any CPU.ActiveCfg = Release|Any CPU
		{AD9D249C-FDF3-426D-8330-F04FFDFADC84}.Release|Any CPU.Build.0 = Release|Any CPU
		{3C37AFC8-95AD-4B2B-91D2-9AA82E19FA3F}.Debug|Any CPU.ActiveCfg = Debug|Any CPU
		{3C37AFC8-95AD-4B2B-91D2-9AA82E19FA3F}.Debug|Any CPU.Build.0 = Debug|Any CPU
		{3C37AFC8-95AD-4B2B-91D2-9AA82E19FA3F}.Release|Any CPU.ActiveCfg = Release|Any CPU
		{3C37AFC8-95AD-4B2B-91D2-9AA82E19FA3F}.Release|Any CPU.Build.0 = Release|Any CPU
		{76E8CC99-A749-4481-9D23-4EE0D0730332}.Debug|Any CPU.ActiveCfg = Debug|Any CPU
		{76E8CC99-A749-4481-9D23-4EE0D0730332}.Debug|Any CPU.Build.0 = Debug|Any CPU
		{76E8CC99-A749-4481-9D23-4EE0D0730332}.Release|Any CPU.ActiveCfg = Release|Any CPU
		{76E8CC99-A749-4481-9D23-4EE0D0730332}.Release|Any CPU.Build.0 = Release|Any CPU
		{A2BEE346-6B1E-4C45-B8C6-2A2DC6B563AE}.Debug|Any CPU.ActiveCfg = Debug|Any CPU
		{A2BEE346-6B1E-4C45-B8C6-2A2DC6B563AE}.Debug|Any CPU.Build.0 = Debug|Any CPU
		{A2BEE346-6B1E-4C45-B8C6-2A2DC6B563AE}.Release|Any CPU.ActiveCfg = Release|Any CPU
		{A2BEE346-6B1E-4C45-B8C6-2A2DC6B563AE}.Release|Any CPU.Build.0 = Release|Any CPU
		{6163A162-CD3F-47D8-9B41-51D6C1F0BB51}.Debug|Any CPU.ActiveCfg = Debug|Any CPU
		{6163A162-CD3F-47D8-9B41-51D6C1F0BB51}.Debug|Any CPU.Build.0 = Debug|Any CPU
		{6163A162-CD3F-47D8-9B41-51D6C1F0BB51}.Release|Any CPU.ActiveCfg = Release|Any CPU
		{6163A162-CD3F-47D8-9B41-51D6C1F0BB51}.Release|Any CPU.Build.0 = Release|Any CPU
	EndGlobalSection
	GlobalSection(SolutionProperties) = preSolution
		HideSolutionNode = FALSE
	EndGlobalSection
	GlobalSection(NestedProjects) = preSolution
		{C6EA8021-754B-4224-AD90-C87385B39A9E} = {EFD697D6-54E5-4F70-B5F7-8C35BBAC81E2}
		{3C37AFC8-95AD-4B2B-91D2-9AA82E19FA3F} = {C6EA8021-754B-4224-AD90-C87385B39A9E}
		{76E8CC99-A749-4481-9D23-4EE0D0730332} = {C6EA8021-754B-4224-AD90-C87385B39A9E}
		{A2BEE346-6B1E-4C45-B8C6-2A2DC6B563AE} = {C6EA8021-754B-4224-AD90-C87385B39A9E}
	EndGlobalSection
	GlobalSection(ExtensibilityGlobals) = postSolution
		SolutionGuid = {34EAC0A2-55E7-4E93-A113-81B5E458BD71}
	EndGlobalSection
EndGlobal
